{
  "name": "skinet",
  "lockfileVersion": 2,
  "requires": true,
  "packages": {
    "": {
      "dependencies": {
        "cuid": "^3.0.0",
        "xng-breadcrumb": "^9.0.0"
      }
    },
    "node_modules/@angular/common": {
      "version": "15.2.7",
      "resolved": "https://registry.npmjs.org/@angular/common/-/common-15.2.7.tgz",
      "integrity": "sha512-CbmrQeZ0yChQrF/ab3v+gv6x2uLbv/s1wZNUBSO/p1STz6BZzHRJqObVlfPlQvyBx5btBBy/+I1sUh1yumARDA==",
      "peer": true,
      "dependencies": {
        "tslib": "^2.3.0"
      },
      "engines": {
        "node": "^14.20.0 || ^16.13.0 || >=18.10.0"
      },
      "peerDependencies": {
        "@angular/core": "15.2.7",
        "rxjs": "^6.5.3 || ^7.4.0"
      }
    },
    "node_modules/@angular/compiler": {
      "version": "15.2.7",
      "resolved": "https://registry.npmjs.org/@angular/compiler/-/compiler-15.2.7.tgz",
      "integrity": "sha512-SesyYI2ExUa13XukXgIsmfg3ar90HbWeWDJTgmzsIfph0M9t6+SaPGpf3FCtdBgNADIpUFp3cieCOJgLESzxYQ==",
      "peer": true,
      "dependencies": {
        "tslib": "^2.3.0"
      },
      "engines": {
        "node": "^14.20.0 || ^16.13.0 || >=18.10.0"
      },
      "peerDependencies": {
        "@angular/core": "15.2.7"
      },
      "peerDependenciesMeta": {
        "@angular/core": {
          "optional": true
        }
      }
    },
    "node_modules/@angular/core": {
      "version": "15.2.7",
      "resolved": "https://registry.npmjs.org/@angular/core/-/core-15.2.7.tgz",
      "integrity": "sha512-iS7JCJubRFqdndoUdAnvNkQRT3tY5tNFupBQS/sytkwxVrdBg+Is5jpdgk741n824vTMsE+CnuY0SETar8rN6g==",
      "peer": true,
      "dependencies": {
        "tslib": "^2.3.0"
      },
      "engines": {
        "node": "^14.20.0 || ^16.13.0 || >=18.10.0"
      },
      "peerDependencies": {
        "rxjs": "^6.5.3 || ^7.4.0",
        "zone.js": "~0.11.4 || ~0.12.0 || ~0.13.0"
      }
    },
    "node_modules/@angular/platform-browser": {
      "version": "15.2.7",
      "resolved": "https://registry.npmjs.org/@angular/platform-browser/-/platform-browser-15.2.7.tgz",
      "integrity": "sha512-aCbd7xyuP7c2eDITkOTDO2mqP550WHCBN8U6VnjysqtB5ocbJtR6z/MIRItN/Zx+xj3piiaKei//XIkb3Q5fXQ==",
      "peer": true,
      "dependencies": {
        "tslib": "^2.3.0"
      },
      "engines": {
        "node": "^14.20.0 || ^16.13.0 || >=18.10.0"
      },
      "peerDependencies": {
        "@angular/animations": "15.2.7",
        "@angular/common": "15.2.7",
        "@angular/core": "15.2.7"
      },
      "peerDependenciesMeta": {
        "@angular/animations": {
          "optional": true
        }
      }
    },
    "node_modules/@angular/platform-browser-dynamic": {
      "version": "15.2.7",
      "resolved": "https://registry.npmjs.org/@angular/platform-browser-dynamic/-/platform-browser-dynamic-15.2.7.tgz",
      "integrity": "sha512-t1Nf7hgbcYvhmxuzgUtsV47jrI5CXUBqrtz5I0ilWG92zZTig5qvfd1/2Ub8NHz87uHNrnggyZpL2+4MJ26nyQ==",
      "peer": true,
      "dependencies": {
        "tslib": "^2.3.0"
      },
      "engines": {
        "node": "^14.20.0 || ^16.13.0 || >=18.10.0"
      },
      "peerDependencies": {
        "@angular/common": "15.2.7",
        "@angular/compiler": "15.2.7",
        "@angular/core": "15.2.7",
        "@angular/platform-browser": "15.2.7"
      }
    },
    "node_modules/@angular/router": {
      "version": "15.2.7",
      "resolved": "https://registry.npmjs.org/@angular/router/-/router-15.2.7.tgz",
      "integrity": "sha512-Wkk+oJSUrVafJjmv9uE1SoY4wDE9bjX7ald+UXePz+QyM/PFoLkm/CzLYjFBkJnsOkOVxw1VmvacoUjWN6BCTQ==",
      "peer": true,
      "dependencies": {
        "tslib": "^2.3.0"
      },
      "engines": {
        "node": "^14.20.0 || ^16.13.0 || >=18.10.0"
      },
      "peerDependencies": {
        "@angular/common": "15.2.7",
        "@angular/core": "15.2.7",
        "@angular/platform-browser": "15.2.7",
        "rxjs": "^6.5.3 || ^7.4.0"
      }
    },
    "node_modules/cuid": {
      "version": "3.0.0",
      "resolved": "https://registry.npmjs.org/cuid/-/cuid-3.0.0.tgz",
      "integrity": "sha512-WZYYkHdIDnaxdeP8Misq3Lah5vFjJwGuItJuV+tvMafosMzw0nF297T7mrm8IOWiPJkV6gc7sa8pzx27+w25Zg==",
      "deprecated": "Cuid and other k-sortable and non-cryptographic ids (Ulid, ObjectId, KSUID, all UUIDs) are all insecure. Use @paralleldrive/cuid2 instead."
    },
    "node_modules/rxjs": {
      "version": "7.8.0",
      "resolved": "https://registry.npmjs.org/rxjs/-/rxjs-7.8.0.tgz",
      "integrity": "sha512-F2+gxDshqmIub1KdvZkaEfGDwLNpPvk9Fs6LD/MyQxNgMds/WH9OdDDXOmxUZpME+iSK3rQCctkL0DYyytUqMg==",
      "peer": true,
      "dependencies": {
        "tslib": "^2.1.0"
      }
    },
    "node_modules/tslib": {
      "version": "2.5.0",
      "resolved": "https://registry.npmjs.org/tslib/-/tslib-2.5.0.tgz",
      "integrity": "sha512-336iVw3rtn2BUK7ORdIAHTyxHGRIHVReokCR3XjbckJMK7ms8FysBfhLR8IXnAgy7T0PTPNBWKiH514FOW/WSg=="
    },
    "node_modules/xng-breadcrumb": {
      "version": "9.0.0",
      "resolved": "https://registry.npmjs.org/xng-breadcrumb/-/xng-breadcrumb-9.0.0.tgz",
      "integrity": "sha512-7HgXLJ4vwzQNVAgm7eAOyZhG8Yr4pGl7QsJh2CtZcuOvYMm2fr33QppDgB3lIbfQtuXaTd1cSO+DkyQVBs1jZA==",
      "dependencies": {
        "tslib": "^2.3.0"
      },
      "peerDependencies": {
        "@angular/common": ">=13.0.0",
        "@angular/core": ">=13.0.0",
        "@angular/platform-browser-dynamic": ">=13.0.0",
        "@angular/router": ">=13.0.0",
        "rxjs": ">=6.0.0"
      }
    },
    "node_modules/zone.js": {
      "version": "0.13.0",
      "resolved": "https://registry.npmjs.org/zone.js/-/zone.js-0.13.0.tgz",
      "integrity": "sha512-7m3hNNyswsdoDobCkYNAy5WiUulkMd3+fWaGT9ij6iq3Zr/IwJo4RMCYPSDjT+r7tnPErmY9sZpKhWQ8S5k6XQ==",
      "peer": true,
      "dependencies": {
        "tslib": "^2.3.0"
      }
    }
  },
  "dependencies": {
    "@angular/common": {
      "version": "15.2.7",
      "resolved": "https://registry.npmjs.org/@angular/common/-/common-15.2.7.tgz",
      "integrity": "sha512-CbmrQeZ0yChQrF/ab3v+gv6x2uLbv/s1wZNUBSO/p1STz6BZzHRJqObVlfPlQvyBx5btBBy/+I1sUh1yumARDA==",
      "peer": true,
      "requires": {
        "tslib": "^2.3.0"
      }
    },
    "@angular/compiler": {
      "version": "15.2.7",
      "resolved": "https://registry.npmjs.org/@angular/compiler/-/compiler-15.2.7.tgz",
      "integrity": "sha512-SesyYI2ExUa13XukXgIsmfg3ar90HbWeWDJTgmzsIfph0M9t6+SaPGpf3FCtdBgNADIpUFp3cieCOJgLESzxYQ==",
      "peer": true,
      "requires": {
        "tslib": "^2.3.0"
      }
    },
    "@angular/core": {
      "version": "15.2.7",
      "resolved": "https://registry.npmjs.org/@angular/core/-/core-15.2.7.tgz",
      "integrity": "sha512-iS7JCJubRFqdndoUdAnvNkQRT3tY5tNFupBQS/sytkwxVrdBg+Is5jpdgk741n824vTMsE+CnuY0SETar8rN6g==",
      "peer": true,
      "requires": {
        "tslib": "^2.3.0"
      }
    },
    "@angular/platform-browser": {
      "version": "15.2.7",
      "resolved": "https://registry.npmjs.org/@angular/platform-browser/-/platform-browser-15.2.7.tgz",
      "integrity": "sha512-aCbd7xyuP7c2eDITkOTDO2mqP550WHCBN8U6VnjysqtB5ocbJtR6z/MIRItN/Zx+xj3piiaKei//XIkb3Q5fXQ==",
      "peer": true,
      "requires": {
        "tslib": "^2.3.0"
      }
    },
    "@angular/platform-browser-dynamic": {
      "version": "15.2.7",
      "resolved": "https://registry.npmjs.org/@angular/platform-browser-dynamic/-/platform-browser-dynamic-15.2.7.tgz",
      "integrity": "sha512-t1Nf7hgbcYvhmxuzgUtsV47jrI5CXUBqrtz5I0ilWG92zZTig5qvfd1/2Ub8NHz87uHNrnggyZpL2+4MJ26nyQ==",
      "peer": true,
      "requires": {
        "tslib": "^2.3.0"
      }
    },
    "@angular/router": {
      "version": "15.2.7",
      "resolved": "https://registry.npmjs.org/@angular/router/-/router-15.2.7.tgz",
      "integrity": "sha512-Wkk+oJSUrVafJjmv9uE1SoY4wDE9bjX7ald+UXePz+QyM/PFoLkm/CzLYjFBkJnsOkOVxw1VmvacoUjWN6BCTQ==",
      "peer": true,
      "requires": {
        "tslib": "^2.3.0"
      }
    },
    "cuid": {
      "version": "3.0.0",
      "resolved": "https://registry.npmjs.org/cuid/-/cuid-3.0.0.tgz",
      "integrity": "sha512-WZYYkHdIDnaxdeP8Misq3Lah5vFjJwGuItJuV+tvMafosMzw0nF297T7mrm8IOWiPJkV6gc7sa8pzx27+w25Zg=="
    },
    "rxjs": {
      "version": "7.8.0",
      "resolved": "https://registry.npmjs.org/rxjs/-/rxjs-7.8.0.tgz",
      "integrity": "sha512-F2+gxDshqmIub1KdvZkaEfGDwLNpPvk9Fs6LD/MyQxNgMds/WH9OdDDXOmxUZpME+iSK3rQCctkL0DYyytUqMg==",
      "peer": true,
      "requires": {
        "tslib": "^2.1.0"
      }
    },
    "tslib": {
      "version": "2.5.0",
      "resolved": "https://registry.npmjs.org/tslib/-/tslib-2.5.0.tgz",
      "integrity": "sha512-336iVw3rtn2BUK7ORdIAHTyxHGRIHVReokCR3XjbckJMK7ms8FysBfhLR8IXnAgy7T0PTPNBWKiH514FOW/WSg=="
    },
    "xng-breadcrumb": {
      "version": "9.0.0",
      "resolved": "https://registry.npmjs.org/xng-breadcrumb/-/xng-breadcrumb-9.0.0.tgz",
      "integrity": "sha512-7HgXLJ4vwzQNVAgm7eAOyZhG8Yr4pGl7QsJh2CtZcuOvYMm2fr33QppDgB3lIbfQtuXaTd1cSO+DkyQVBs1jZA==",
      "requires": {
        "tslib": "^2.3.0"
      }
    },
    "zone.js": {
      "version": "0.13.0",
      "resolved": "https://registry.npmjs.org/zone.js/-/zone.js-0.13.0.tgz",
      "integrity": "sha512-7m3hNNyswsdoDobCkYNAy5WiUulkMd3+fWaGT9ij6iq3Zr/IwJo4RMCYPSDjT+r7tnPErmY9sZpKhWQ8S5k6XQ==",
      "peer": true,
      "requires": {
        "tslib": "^2.3.0"
      }
    }
  }
}
